
Microsoft Visual Studio Solution File, Format Version 12.00
# Visual Studio Version 17
VisualStudioVersion = 17.5.002.0
MinimumVisualStudioVersion = 10.0.40219.1
Project("{9A19103F-16F7-4668-BE54-9A1E7A4F7556}") = "trafficc", "trafficc\trafficc.csproj", "{53C1B33A-E261-4FB6-9EBD-69EEF3412743}"
EndProject
Global
	GlobalSection(SolutionConfigurationPlatforms) = preSolution
		Debug|Any CPU = Debug|Any CPU
		Release|Any CPU = Release|Any CPU
	EndGlobalSection
	GlobalSection(ProjectConfigurationPlatforms) = postSolution
		{53C1B33A-E261-4FB6-9EBD-69EEF3412743}.Debug|Any CPU.ActiveCfg = Debug|Any CPU
		{53C1B33A-E261-4FB6-9EBD-69EEF3412743}.Debug|Any CPU.Build.0 = Debug|Any CPU
		{53C1B33A-E261-4FB6-9EBD-69EEF3412743}.Release|Any CPU.ActiveCfg = Release|Any CPU
		{53C1B33A-E261-4FB6-9EBD-69EEF3412743}.Release|Any CPU.Build.0 = Release|Any CPU
	EndGlobalSection
	GlobalSection(SolutionProperties) = preSolution
		HideSolutionNode = FALSE
	EndGlobalSection
	GlobalSection(ExtensibilityGlobals) = postSolution
		SolutionGuid = {744DC84C-0DBD-44F7-9CA5-26F975EAD4FA}
	EndGlobalSection
EndGlobal
